<Solution>
  <Project Path="src/JorgeCostaMacia.Bus/JorgeCostaMacia.Bus.csproj" />
  <Project Path="src/JorgeCostaMacia.Bus.Command/JorgeCostaMacia.Bus.Command.csproj" />
  <Project Path="src/JorgeCostaMacia.Bus.Event/JorgeCostaMacia.Bus.Event.csproj" />
  <Project Path="src/JorgeCostaMacia.Bus.UrnFactory/JorgeCostaMacia.Bus.UrnFactory.csproj" />
  <Project Path="src/JorgeCostaMacia.Bus.Kafka/JorgeCostaMacia.Bus.Kafka.csproj" />
  <Project Path="test/JorgeCostaMacia.Bus.Kafka.Tests/JorgeCostaMacia.Bus.Kafka.Tests.csproj" />
</Solution>
